
Microsoft Visual Studio Solution File, Format Version 12.00
# Visual Studio 15
VisualStudioVersion = 15.0.28307.168
MinimumVisualStudioVersion = 10.0.40219.1
Project("{FAE04EC0-301F-11D3-BF4B-00C04F79EFBC}") = "A.3", "A.3\A.3.csproj", "{EBEE29C4-0EBB-4D37-830B-0CCA6AB64BEA}"
EndProject
Global
	GlobalSection(SolutionConfigurationPlatforms) = preSolution
		Debug|Any CPU = Debug|Any CPU
		Release|Any CPU = Release|Any CPU
	EndGlobalSection
	GlobalSection(ProjectConfigurationPlatforms) = postSolution
		{EBEE29C4-0EBB-4D37-830B-0CCA6AB64BEA}.Debug|Any CPU.ActiveCfg = Debug|Any CPU
		{EBEE29C4-0EBB-4D37-830B-0CCA6AB64BEA}.Debug|Any CPU.Build.0 = Debug|Any CPU
		{EBEE29C4-0EBB-4D37-830B-0CCA6AB64BEA}.Release|Any CPU.ActiveCfg = Release|Any CPU
		{EBEE29C4-0EBB-4D37-830B-0CCA6AB64BEA}.Release|Any CPU.Build.0 = Release|Any CPU
	EndGlobalSection
	GlobalSection(SolutionProperties) = preSolution
		HideSolutionNode = FALSE
	EndGlobalSection
	GlobalSection(ExtensibilityGlobals) = postSolution
		SolutionGuid = {EAA2B58F-5B6D-4BA2-B1CF-D2967609E85B}
	EndGlobalSection
EndGlobal
